
Microsoft Visual Studio Solution File, Format Version 12.00
# Visual Studio Version 17
VisualStudioVersion = 17.8.34309.116
MinimumVisualStudioVersion = 10.0.40219.1
Project("{FAE04EC0-301F-11D3-BF4B-00C04F79EFBC}") = "Noor.Web.Api.Test", "Noor.Web.Api.Test\Noor.Web.Api.Test.csproj", "{6E5B9961-6566-48D8-9520-F1156F06F9B6}"
EndProject
Project("{FAE04EC0-301F-11D3-BF4B-00C04F79EFBC}") = "Noor.XUnit", "Noor.XUnit\Noor.XUnit.csproj", "{1714FE75-5C87-4FDF-BA7B-D20C11BC8DC1}"
EndProject
Global
	GlobalSection(SolutionConfigurationPlatforms) = preSolution
		Debug|Any CPU = Debug|Any CPU
		Release|Any CPU = Release|Any CPU
	EndGlobalSection
	GlobalSection(ProjectConfigurationPlatforms) = postSolution
		{6E5B9961-6566-48D8-9520-F1156F06F9B6}.Debug|Any CPU.ActiveCfg = Debug|Any CPU
		{6E5B9961-6566-48D8-9520-F1156F06F9B6}.Debug|Any CPU.Build.0 = Debug|Any CPU
		{6E5B9961-6566-48D8-9520-F1156F06F9B6}.Release|Any CPU.ActiveCfg = Release|Any CPU
		{6E5B9961-6566-48D8-9520-F1156F06F9B6}.Release|Any CPU.Build.0 = Release|Any CPU
		{1714FE75-5C87-4FDF-BA7B-D20C11BC8DC1}.Debug|Any CPU.ActiveCfg = Debug|Any CPU
		{1714FE75-5C87-4FDF-BA7B-D20C11BC8DC1}.Debug|Any CPU.Build.0 = Debug|Any CPU
		{1714FE75-5C87-4FDF-BA7B-D20C11BC8DC1}.Release|Any CPU.ActiveCfg = Release|Any CPU
		{1714FE75-5C87-4FDF-BA7B-D20C11BC8DC1}.Release|Any CPU.Build.0 = Release|Any CPU
	EndGlobalSection
	GlobalSection(SolutionProperties) = preSolution
		HideSolutionNode = FALSE
	EndGlobalSection
	GlobalSection(ExtensibilityGlobals) = postSolution
		SolutionGuid = {B34A0CFE-D73B-47A7-9287-E9CDADCBD8BA}
	EndGlobalSection
EndGlobal
